// !$*UTF8*$!
{
	archiveVersion = 1;
	classes = {
	};
	objectVersion = 56;
	objects = {

/* Begin PBXBuildFile section */
		5B6D99402A45ABD100EF4AAE /* RegistrationModel.swift in Sources */ = {isa = PBXBuildFile; fileRef = 5B6D993F2A45ABD100EF4AAE /* RegistrationModel.swift */; };
		5B6D995C2A45AFC800EF4AAE /* ApiRequest.swift in Sources */ = {isa = PBXBuildFile; fileRef = 5B6D995B2A45AFC800EF4AAE /* ApiRequest.swift */; };
		5B6D995E2A45B2A200EF4AAE /* Constants.swift in Sources */ = {isa = PBXBuildFile; fileRef = 5B6D995D2A45B2A200EF4AAE /* Constants.swift */; };
		5B6D99602A45B32800EF4AAE /* TokenModel.swift in Sources */ = {isa = PBXBuildFile; fileRef = 5B6D995F2A45B32800EF4AAE /* TokenModel.swift */; };
		5B6D99632A45BAED00EF4AAE /* MainView.swift in Sources */ = {isa = PBXBuildFile; fileRef = 5B6D99622A45BAED00EF4AAE /* MainView.swift */; };
		5B6D99652A45BC0100EF4AAE /* RegistrationState.swift in Sources */ = {isa = PBXBuildFile; fileRef = 5B6D99642A45BC0100EF4AAE /* RegistrationState.swift */; };
		5B6D99672A45BF3100EF4AAE /* TransitionView.swift in Sources */ = {isa = PBXBuildFile; fileRef = 5B6D99662A45BF3100EF4AAE /* TransitionView.swift */; };
		5B6D996B2A45C4A400EF4AAE /* ProfileView.swift in Sources */ = {isa = PBXBuildFile; fileRef = 5B6D996A2A45C4A400EF4AAE /* ProfileView.swift */; };
		5B6D996D2A45C4B500EF4AAE /* ProfileModel.swift in Sources */ = {isa = PBXBuildFile; fileRef = 5B6D996C2A45C4B500EF4AAE /* ProfileModel.swift */; };
		5B6D996F2A45D41D00EF4AAE /* EventModel.swift in Sources */ = {isa = PBXBuildFile; fileRef = 5B6D996E2A45D41D00EF4AAE /* EventModel.swift */; };
		5B6D99712A45D4C900EF4AAE /* LoginView.swift in Sources */ = {isa = PBXBuildFile; fileRef = 5B6D99702A45D4C900EF4AAE /* LoginView.swift */; };
		5B6D99732A45D52B00EF4AAE /* LoginModel.swift in Sources */ = {isa = PBXBuildFile; fileRef = 5B6D99722A45D52B00EF4AAE /* LoginModel.swift */; };
		5B6D99752A45F55A00EF4AAE /* CreateEventView.swift in Sources */ = {isa = PBXBuildFile; fileRef = 5B6D99742A45F55A00EF4AAE /* CreateEventView.swift */; };
		5B6D99772A45FAFC00EF4AAE /* EventResponseModel.swift in Sources */ = {isa = PBXBuildFile; fileRef = 5B6D99762A45FAFC00EF4AAE /* EventResponseModel.swift */; };
		5B6D997A2A46159100EF4AAE /* EventsView.swift in Sources */ = {isa = PBXBuildFile; fileRef = 5B6D99792A46159100EF4AAE /* EventsView.swift */; };
		5B6D997C2A462FCE00EF4AAE /* EventByCategoryModel.swift in Sources */ = {isa = PBXBuildFile; fileRef = 5B6D997B2A462FCE00EF4AAE /* EventByCategoryModel.swift */; };
		5B6D997E2A46521F00EF4AAE /* EntryView.swift in Sources */ = {isa = PBXBuildFile; fileRef = 5B6D997D2A46521F00EF4AAE /* EntryView.swift */; };
		5B6D99802A46DE1900EF4AAE /* EventInfoView.swift in Sources */ = {isa = PBXBuildFile; fileRef = 5B6D997F2A46DE1900EF4AAE /* EventInfoView.swift */; };
		5B6D99822A46F0E100EF4AAE /* EventByIdModel.swift in Sources */ = {isa = PBXBuildFile; fileRef = 5B6D99812A46F0E100EF4AAE /* EventByIdModel.swift */; };
		5B6D99842A47235A00EF4AAE /* InviteTokenModel.swift in Sources */ = {isa = PBXBuildFile; fileRef = 5B6D99832A47235A00EF4AAE /* InviteTokenModel.swift */; };
		5B6D99862A472A5F00EF4AAE /* VisualEffectView.swift in Sources */ = {isa = PBXBuildFile; fileRef = 5B6D99852A472A5F00EF4AAE /* VisualEffectView.swift */; };
		5B6D99882A47315600EF4AAE /* ValidateTokenModel.swift in Sources */ = {isa = PBXBuildFile; fileRef = 5B6D99872A47315600EF4AAE /* ValidateTokenModel.swift */; };
		5B6D998A2A483BE100EF4AAE /* PayView.swift in Sources */ = {isa = PBXBuildFile; fileRef = 5B6D99892A483BE100EF4AAE /* PayView.swift */; };
		5B7DE3A02A4327E500324F07 /* SportTechTerriconApp.swift in Sources */ = {isa = PBXBuildFile; fileRef = 5B7DE39F2A4327E500324F07 /* SportTechTerriconApp.swift */; };
		5B7DE3A22A4327E500324F07 /* ContentView.swift in Sources */ = {isa = PBXBuildFile; fileRef = 5B7DE3A12A4327E500324F07 /* ContentView.swift */; };
		5B7DE3A42A4327EE00324F07 /* Assets.xcassets in Resources */ = {isa = PBXBuildFile; fileRef = 5B7DE3A32A4327EE00324F07 /* Assets.xcassets */; };
		5B7DE3A72A4327EE00324F07 /* Preview Assets.xcassets in Resources */ = {isa = PBXBuildFile; fileRef = 5B7DE3A62A4327EE00324F07 /* Preview Assets.xcassets */; };
		5B7DE3B12A432D3000324F07 /* RegistrationView.swift in Sources */ = {isa = PBXBuildFile; fileRef = 5B7DE3B02A432D3000324F07 /* RegistrationView.swift */; };
/* End PBXBuildFile section */

/* Begin PBXFileReference section */
		5B6D993F2A45ABD100EF4AAE /* RegistrationModel.swift */ = {isa = PBXFileReference; lastKnownFileType = sourcecode.swift; path = RegistrationModel.swift; sourceTree = "<group>"; };
		5B6D995B2A45AFC800EF4AAE /* ApiRequest.swift */ = {isa = PBXFileReference; lastKnownFileType = sourcecode.swift; path = ApiRequest.swift; sourceTree = "<group>"; };
		5B6D995D2A45B2A200EF4AAE /* Constants.swift */ = {isa = PBXFileReference; lastKnownFileType = sourcecode.swift; path = Constants.swift; sourceTree = "<group>"; };
		5B6D995F2A45B32800EF4AAE /* TokenModel.swift */ = {isa = PBXFileReference; lastKnownFileType = sourcecode.swift; path = TokenModel.swift; sourceTree = "<group>"; };
		5B6D99612A45B64B00EF4AAE /* Info.plist */ = {isa = PBXFileReference; lastKnownFileType = text.plist; path = Info.plist; sourceTree = "<group>"; };
		5B6D99622A45BAED00EF4AAE /* MainView.swift */ = {isa = PBXFileReference; lastKnownFileType = sourcecode.swift; path = MainView.swift; sourceTree = "<group>"; };
		5B6D99642A45BC0100EF4AAE /* RegistrationState.swift */ = {isa = PBXFileReference; lastKnownFileType = sourcecode.swift; path = RegistrationState.swift; sourceTree = "<group>"; };
		5B6D99662A45BF3100EF4AAE /* TransitionView.swift */ = {isa = PBXFileReference; lastKnownFileType = sourcecode.swift; path = TransitionView.swift; sourceTree = "<group>"; };
		5B6D996A2A45C4A400EF4AAE /* ProfileView.swift */ = {isa = PBXFileReference; lastKnownFileType = sourcecode.swift; path = ProfileView.swift; sourceTree = "<group>"; };
		5B6D996C2A45C4B500EF4AAE /* ProfileModel.swift */ = {isa = PBXFileReference; lastKnownFileType = sourcecode.swift; path = ProfileModel.swift; sourceTree = "<group>"; };
		5B6D996E2A45D41D00EF4AAE /* EventModel.swift */ = {isa = PBXFileReference; lastKnownFileType = sourcecode.swift; path = EventModel.swift; sourceTree = "<group>"; };
		5B6D99702A45D4C900EF4AAE /* LoginView.swift */ = {isa = PBXFileReference; lastKnownFileType = sourcecode.swift; path = LoginView.swift; sourceTree = "<group>"; };
		5B6D99722A45D52B00EF4AAE /* LoginModel.swift */ = {isa = PBXFileReference; lastKnownFileType = sourcecode.swift; path = LoginModel.swift; sourceTree = "<group>"; };
		5B6D99742A45F55A00EF4AAE /* CreateEventView.swift */ = {isa = PBXFileReference; lastKnownFileType = sourcecode.swift; path = CreateEventView.swift; sourceTree = "<group>"; };
		5B6D99762A45FAFC00EF4AAE /* EventResponseModel.swift */ = {isa = PBXFileReference; lastKnownFileType = sourcecode.swift; path = EventResponseModel.swift; sourceTree = "<group>"; };
		5B6D99792A46159100EF4AAE /* EventsView.swift */ = {isa = PBXFileReference; lastKnownFileType = sourcecode.swift; path = EventsView.swift; sourceTree = "<group>"; };
		5B6D997B2A462FCE00EF4AAE /* EventByCategoryModel.swift */ = {isa = PBXFileReference; lastKnownFileType = sourcecode.swift; path = EventByCategoryModel.swift; sourceTree = "<group>"; };
		5B6D997D2A46521F00EF4AAE /* EntryView.swift */ = {isa = PBXFileReference; lastKnownFileType = sourcecode.swift; path = EntryView.swift; sourceTree = "<group>"; };
		5B6D997F2A46DE1900EF4AAE /* EventInfoView.swift */ = {isa = PBXFileReference; lastKnownFileType = sourcecode.swift; path = EventInfoView.swift; sourceTree = "<group>"; };
		5B6D99812A46F0E100EF4AAE /* EventByIdModel.swift */ = {isa = PBXFileReference; lastKnownFileType = sourcecode.swift; path = EventByIdModel.swift; sourceTree = "<group>"; };
		5B6D99832A47235A00EF4AAE /* InviteTokenModel.swift */ = {isa = PBXFileReference; lastKnownFileType = sourcecode.swift; path = InviteTokenModel.swift; sourceTree = "<group>"; };
		5B6D99852A472A5F00EF4AAE /* VisualEffectView.swift */ = {isa = PBXFileReference; lastKnownFileType = sourcecode.swift; path = VisualEffectView.swift; sourceTree = "<group>"; };
		5B6D99872A47315600EF4AAE /* ValidateTokenModel.swift */ = {isa = PBXFileReference; lastKnownFileType = sourcecode.swift; path = ValidateTokenModel.swift; sourceTree = "<group>"; };
		5B6D99892A483BE100EF4AAE /* PayView.swift */ = {isa = PBXFileReference; lastKnownFileType = sourcecode.swift; path = PayView.swift; sourceTree = "<group>"; };
		5B7DE39C2A4327E500324F07 /* SportTechTerricon.app */ = {isa = PBXFileReference; explicitFileType = wrapper.application; includeInIndex = 0; path = SportTechTerricon.app; sourceTree = BUILT_PRODUCTS_DIR; };
		5B7DE39F2A4327E500324F07 /* SportTechTerriconApp.swift */ = {isa = PBXFileReference; lastKnownFileType = sourcecode.swift; path = SportTechTerriconApp.swift; sourceTree = "<group>"; };
		5B7DE3A12A4327E500324F07 /* ContentView.swift */ = {isa = PBXFileReference; lastKnownFileType = sourcecode.swift; path = ContentView.swift; sourceTree = "<group>"; };
		5B7DE3A32A4327EE00324F07 /* Assets.xcassets */ = {isa = PBXFileReference; lastKnownFileType = folder.assetcatalog; path = Assets.xcassets; sourceTree = "<group>"; };
		5B7DE3A62A4327EE00324F07 /* Preview Assets.xcassets */ = {isa = PBXFileReference; lastKnownFileType = folder.assetcatalog; path = "Preview Assets.xcassets"; sourceTree = "<group>"; };
		5B7DE3B02A432D3000324F07 /* RegistrationView.swift */ = {isa = PBXFileReference; lastKnownFileType = sourcecode.swift; path = RegistrationView.swift; sourceTree = "<group>"; };
/* End PBXFileReference section */

/* Begin PBXFrameworksBuildPhase section */
		5B7DE3992A4327E500324F07 /* Frameworks */ = {
			isa = PBXFrameworksBuildPhase;
			buildActionMask = 2147483647;
			files = (
			);
			runOnlyForDeploymentPostprocessing = 0;
		};
/* End PBXFrameworksBuildPhase section */

/* Begin PBXGroup section */
		5B6D99782A46157200EF4AAE /* RegistrationViews */ = {
			isa = PBXGroup;
			children = (
				5B6D99702A45D4C900EF4AAE /* LoginView.swift */,
				5B6D99662A45BF3100EF4AAE /* TransitionView.swift */,
				5B7DE3B02A432D3000324F07 /* RegistrationView.swift */,
				5B6D997D2A46521F00EF4AAE /* EntryView.swift */,
			);
			path = RegistrationViews;
			sourceTree = "<group>";
		};
		5B7DE3932A4327E400324F07 = {
			isa = PBXGroup;
			children = (
				5B7DE39E2A4327E500324F07 /* SportTechTerricon */,
				5B7DE39D2A4327E500324F07 /* Products */,
			);
			sourceTree = "<group>";
		};
		5B7DE39D2A4327E500324F07 /* Products */ = {
			isa = PBXGroup;
			children = (
				5B7DE39C2A4327E500324F07 /* SportTechTerricon.app */,
			);
			name = Products;
			sourceTree = "<group>";
		};
		5B7DE39E2A4327E500324F07 /* SportTechTerricon */ = {
			isa = PBXGroup;
			children = (
				5B6D99612A45B64B00EF4AAE /* Info.plist */,
				5B7DE3AF2A432C2D00324F07 /* ViewModel */,
				5B7DE3AE2A432C2600324F07 /* Model */,
				5B7DE3AD2A432C2200324F07 /* View */,
				5B7DE39F2A4327E500324F07 /* SportTechTerriconApp.swift */,
				5B7DE3A12A4327E500324F07 /* ContentView.swift */,
				5B7DE3A32A4327EE00324F07 /* Assets.xcassets */,
				5B7DE3A52A4327EE00324F07 /* Preview Content */,
			);
			path = SportTechTerricon;
			sourceTree = "<group>";
		};
		5B7DE3A52A4327EE00324F07 /* Preview Content */ = {
			isa = PBXGroup;
			children = (
				5B7DE3A62A4327EE00324F07 /* Preview Assets.xcassets */,
			);
			path = "Preview Content";
			sourceTree = "<group>";
		};
		5B7DE3AD2A432C2200324F07 /* View */ = {
			isa = PBXGroup;
			children = (
				5B6D99782A46157200EF4AAE /* RegistrationViews */,
				5B6D99622A45BAED00EF4AAE /* MainView.swift */,
				5B6D996A2A45C4A400EF4AAE /* ProfileView.swift */,
				5B6D99742A45F55A00EF4AAE /* CreateEventView.swift */,
				5B6D99792A46159100EF4AAE /* EventsView.swift */,
				5B6D997F2A46DE1900EF4AAE /* EventInfoView.swift */,
				5B6D99852A472A5F00EF4AAE /* VisualEffectView.swift */,
				5B6D99892A483BE100EF4AAE /* PayView.swift */,
			);
			path = View;
			sourceTree = "<group>";
		};
		5B7DE3AE2A432C2600324F07 /* Model */ = {
			isa = PBXGroup;
			children = (
				5B6D993F2A45ABD100EF4AAE /* RegistrationModel.swift */,
				5B6D995F2A45B32800EF4AAE /* TokenModel.swift */,
				5B6D996C2A45C4B500EF4AAE /* ProfileModel.swift */,
				5B6D996E2A45D41D00EF4AAE /* EventModel.swift */,
				5B6D99722A45D52B00EF4AAE /* LoginModel.swift */,
				5B6D99762A45FAFC00EF4AAE /* EventResponseModel.swift */,
				5B6D997B2A462FCE00EF4AAE /* EventByCategoryModel.swift */,
				5B6D99812A46F0E100EF4AAE /* EventByIdModel.swift */,
				5B6D99832A47235A00EF4AAE /* InviteTokenModel.swift */,
				5B6D99872A47315600EF4AAE /* ValidateTokenModel.swift */,
			);
			path = Model;
			sourceTree = "<group>";
		};
		5B7DE3AF2A432C2D00324F07 /* ViewModel */ = {
			isa = PBXGroup;
			children = (
				5B6D995B2A45AFC800EF4AAE /* ApiRequest.swift */,
				5B6D995D2A45B2A200EF4AAE /* Constants.swift */,
				5B6D99642A45BC0100EF4AAE /* RegistrationState.swift */,
			);
			path = ViewModel;
			sourceTree = "<group>";
		};
/* End PBXGroup section */

/* Begin PBXNativeTarget section */
		5B7DE39B2A4327E500324F07 /* SportTechTerricon */ = {
			isa = PBXNativeTarget;
			buildConfigurationList = 5B7DE3AA2A4327EE00324F07 /* Build configuration list for PBXNativeTarget "SportTechTerricon" */;
			buildPhases = (
				5B7DE3982A4327E500324F07 /* Sources */,
				5B7DE3992A4327E500324F07 /* Frameworks */,
				5B7DE39A2A4327E500324F07 /* Resources */,
			);
			buildRules = (
			);
			dependencies = (
			);
			name = SportTechTerricon;
			productName = SportTechTerricon;
			productReference = 5B7DE39C2A4327E500324F07 /* SportTechTerricon.app */;
			productType = "com.apple.product-type.application";
		};
/* End PBXNativeTarget section */

/* Begin PBXProject section */
		5B7DE3942A4327E400324F07 /* Project object */ = {
			isa = PBXProject;
			attributes = {
				BuildIndependentTargetsInParallel = 1;
				LastSwiftUpdateCheck = 1400;
				LastUpgradeCheck = 1400;
				TargetAttributes = {
					5B7DE39B2A4327E500324F07 = {
						CreatedOnToolsVersion = 14.0;
					};
				};
			};
			buildConfigurationList = 5B7DE3972A4327E400324F07 /* Build configuration list for PBXProject "SportTechTerricon" */;
			compatibilityVersion = "Xcode 14.0";
			developmentRegion = en;
			hasScannedForEncodings = 0;
			knownRegions = (
				en,
				Base,
			);
			mainGroup = 5B7DE3932A4327E400324F07;
			productRefGroup = 5B7DE39D2A4327E500324F07 /* Products */;
			projectDirPath = "";
			projectRoot = "";
			targets = (
				5B7DE39B2A4327E500324F07 /* SportTechTerricon */,
			);
		};
/* End PBXProject section */

/* Begin PBXResourcesBuildPhase section */
		5B7DE39A2A4327E500324F07 /* Resources */ = {
			isa = PBXResourcesBuildPhase;
			buildActionMask = 2147483647;
			files = (
				5B7DE3A72A4327EE00324F07 /* Preview Assets.xcassets in Resources */,
				5B7DE3A42A4327EE00324F07 /* Assets.xcassets in Resources */,
			);
			runOnlyForDeploymentPostprocessing = 0;
		};
/* End PBXResourcesBuildPhase section */

/* Begin PBXSourcesBuildPhase section */
		5B7DE3982A4327E500324F07 /* Sources */ = {
			isa = PBXSourcesBuildPhase;
			buildActionMask = 2147483647;
			files = (
				5B6D996D2A45C4B500EF4AAE /* ProfileModel.swift in Sources */,
				5B6D99752A45F55A00EF4AAE /* CreateEventView.swift in Sources */,
				5B6D99632A45BAED00EF4AAE /* MainView.swift in Sources */,
				5B6D99712A45D4C900EF4AAE /* LoginView.swift in Sources */,
				5B7DE3B12A432D3000324F07 /* RegistrationView.swift in Sources */,
				5B6D99862A472A5F00EF4AAE /* VisualEffectView.swift in Sources */,
				5B6D99732A45D52B00EF4AAE /* LoginModel.swift in Sources */,
				5B6D996F2A45D41D00EF4AAE /* EventModel.swift in Sources */,
				5B6D997E2A46521F00EF4AAE /* EntryView.swift in Sources */,
				5B6D995C2A45AFC800EF4AAE /* ApiRequest.swift in Sources */,
				5B6D99842A47235A00EF4AAE /* InviteTokenModel.swift in Sources */,
				5B6D996B2A45C4A400EF4AAE /* ProfileView.swift in Sources */,
				5B6D997C2A462FCE00EF4AAE /* EventByCategoryModel.swift in Sources */,
				5B6D99772A45FAFC00EF4AAE /* EventResponseModel.swift in Sources */,
				5B6D99672A45BF3100EF4AAE /* TransitionView.swift in Sources */,
				5B7DE3A22A4327E500324F07 /* ContentView.swift in Sources */,
				5B6D99822A46F0E100EF4AAE /* EventByIdModel.swift in Sources */,
				5B6D998A2A483BE100EF4AAE /* PayView.swift in Sources */,
				5B6D99882A47315600EF4AAE /* ValidateTokenModel.swift in Sources */,
				5B6D99802A46DE1900EF4AAE /* EventInfoView.swift in Sources */,
				5B6D995E2A45B2A200EF4AAE /* Constants.swift in Sources */,
				5B6D99602A45B32800EF4AAE /* TokenModel.swift in Sources */,
				5B6D99652A45BC0100EF4AAE /* RegistrationState.swift in Sources */,
				5B7DE3A02A4327E500324F07 /* SportTechTerriconApp.swift in Sources */,
				5B6D99402A45ABD100EF4AAE /* RegistrationModel.swift in Sources */,
				5B6D997A2A46159100EF4AAE /* EventsView.swift in Sources */,
			);
			runOnlyForDeploymentPostprocessing = 0;
		};
/* End PBXSourcesBuildPhase section */

/* Begin XCBuildConfiguration section */
		5B7DE3A82A4327EE00324F07 /* Debug */ = {
			isa = XCBuildConfiguration;
			buildSettings = {
				ALWAYS_SEARCH_USER_PATHS = NO;
				CLANG_ANALYZER_NONNULL = YES;
				CLANG_ANALYZER_NUMBER_OBJECT_CONVERSION = YES_AGGRESSIVE;
				CLANG_CXX_LANGUAGE_STANDARD = "gnu++20";
				CLANG_ENABLE_MODULES = YES;
				CLANG_ENABLE_OBJC_ARC = YES;
				CLANG_ENABLE_OBJC_WEAK = YES;
				CLANG_WARN_BLOCK_CAPTURE_AUTORELEASING = YES;
				CLANG_WARN_BOOL_CONVERSION = YES;
				CLANG_WARN_COMMA = YES;
				CLANG_WARN_CONSTANT_CONVERSION = YES;
				CLANG_WARN_DEPRECATED_OBJC_IMPLEMENTATIONS = YES;
				CLANG_WARN_DIRECT_OBJC_ISA_USAGE = YES_ERROR;
				CLANG_WARN_DOCUMENTATION_COMMENTS = YES;
				CLANG_WARN_EMPTY_BODY = YES;
				CLANG_WARN_ENUM_CONVERSION = YES;
				CLANG_WARN_INFINITE_RECURSION = YES;
				CLANG_WARN_INT_CONVERSION = YES;
				CLANG_WARN_NON_LITERAL_NULL_CONVERSION = YES;
				CLANG_WARN_OBJC_IMPLICIT_RETAIN_SELF = YES;
				CLANG_WARN_OBJC_LITERAL_CONVERSION = YES;
				CLANG_WARN_OBJC_ROOT_CLASS = YES_ERROR;
				CLANG_WARN_QUOTED_INCLUDE_IN_FRAMEWORK_HEADER = YES;
				CLANG_WARN_RANGE_LOOP_ANALYSIS = YES;
				CLANG_WARN_STRICT_PROTOTYPES = YES;
				CLANG_WARN_SUSPICIOUS_MOVE = YES;
				CLANG_WARN_UNGUARDED_AVAILABILITY = YES_AGGRESSIVE;
				CLANG_WARN_UNREACHABLE_CODE = YES;
				CLANG_WARN__DUPLICATE_METHOD_MATCH = YES;
				COPY_PHASE_STRIP = NO;
				DEBUG_INFORMATION_FORMAT = dwarf;
				ENABLE_STRICT_OBJC_MSGSEND = YES;
				ENABLE_TESTABILITY = YES;
				GCC_C_LANGUAGE_STANDARD = gnu11;
				GCC_DYNAMIC_NO_PIC = NO;
				GCC_NO_COMMON_BLOCKS = YES;
				GCC_OPTIMIZATION_LEVEL = 0;
				GCC_PREPROCESSOR_DEFINITIONS = (
					"DEBUG=1",
					"$(inherited)",
				);
				GCC_WARN_64_TO_32_BIT_CONVERSION = YES;
				GCC_WARN_ABOUT_RETURN_TYPE = YES_ERROR;
				GCC_WARN_UNDECLARED_SELECTOR = YES;
				GCC_WARN_UNINITIALIZED_AUTOS = YES_AGGRESSIVE;
				GCC_WARN_UNUSED_FUNCTION = YES;
				GCC_WARN_UNUSED_VARIABLE = YES;
				IPHONEOS_DEPLOYMENT_TARGET = 16.0;
				MTL_ENABLE_DEBUG_INFO = INCLUDE_SOURCE;
				MTL_FAST_MATH = YES;
				ONLY_ACTIVE_ARCH = YES;
				SDKROOT = iphoneos;
				SWIFT_ACTIVE_COMPILATION_CONDITIONS = DEBUG;
				SWIFT_OPTIMIZATION_LEVEL = "-Onone";
			};
			name = Debug;
		};
		5B7DE3A92A4327EE00324F07 /* Release */ = {
			isa = XCBuildConfiguration;
			buildSettings = {
				ALWAYS_SEARCH_USER_PATHS = NO;
				CLANG_ANALYZER_NONNULL = YES;
				CLANG_ANALYZER_NUMBER_OBJECT_CONVERSION = YES_AGGRESSIVE;
				CLANG_CXX_LANGUAGE_STANDARD = "gnu++20";
				CLANG_ENABLE_MODULES = YES;
				CLANG_ENABLE_OBJC_ARC = YES;
				CLANG_ENABLE_OBJC_WEAK = YES;
				CLANG_WARN_BLOCK_CAPTURE_AUTORELEASING = YES;
				CLANG_WARN_BOOL_CONVERSION = YES;
				CLANG_WARN_COMMA = YES;
				CLANG_WARN_CONSTANT_CONVERSION = YES;
				CLANG_WARN_DEPRECATED_OBJC_IMPLEMENTATIONS = YES;
				CLANG_WARN_DIRECT_OBJC_ISA_USAGE = YES_ERROR;
				CLANG_WARN_DOCUMENTATION_COMMENTS = YES;
				CLANG_WARN_EMPTY_BODY = YES;
				CLANG_WARN_ENUM_CONVERSION = YES;
				CLANG_WARN_INFINITE_RECURSION = YES;
				CLANG_WARN_INT_CONVERSION = YES;
				CLANG_WARN_NON_LITERAL_NULL_CONVERSION = YES;
				CLANG_WARN_OBJC_IMPLICIT_RETAIN_SELF = YES;
				CLANG_WARN_OBJC_LITERAL_CONVERSION = YES;
				CLANG_WARN_OBJC_ROOT_CLASS = YES_ERROR;
				CLANG_WARN_QUOTED_INCLUDE_IN_FRAMEWORK_HEADER = YES;
				CLANG_WARN_RANGE_LOOP_ANALYSIS = YES;
				CLANG_WARN_STRICT_PROTOTYPES = YES;
				CLANG_WARN_SUSPICIOUS_MOVE = YES;
				CLANG_WARN_UNGUARDED_AVAILABILITY = YES_AGGRESSIVE;
				CLANG_WARN_UNREACHABLE_CODE = YES;
				CLANG_WARN__DUPLICATE_METHOD_MATCH = YES;
				COPY_PHASE_STRIP = NO;
				DEBUG_INFORMATION_FORMAT = "dwarf-with-dsym";
				ENABLE_NS_ASSERTIONS = NO;
				ENABLE_STRICT_OBJC_MSGSEND = YES;
				GCC_C_LANGUAGE_STANDARD = gnu11;
				GCC_NO_COMMON_BLOCKS = YES;
				GCC_WARN_64_TO_32_BIT_CONVERSION = YES;
				GCC_WARN_ABOUT_RETURN_TYPE = YES_ERROR;
				GCC_WARN_UNDECLARED_SELECTOR = YES;
				GCC_WARN_UNINITIALIZED_AUTOS = YES_AGGRESSIVE;
				GCC_WARN_UNUSED_FUNCTION = YES;
				GCC_WARN_UNUSED_VARIABLE = YES;
				IPHONEOS_DEPLOYMENT_TARGET = 16.0;
				MTL_ENABLE_DEBUG_INFO = NO;
				MTL_FAST_MATH = YES;
				SDKROOT = iphoneos;
				SWIFT_COMPILATION_MODE = wholemodule;
				SWIFT_OPTIMIZATION_LEVEL = "-O";
				VALIDATE_PRODUCT = YES;
			};
			name = Release;
		};
		5B7DE3AB2A4327EE00324F07 /* Debug */ = {
			isa = XCBuildConfiguration;
			buildSettings = {
				ASSETCATALOG_COMPILER_APPICON_NAME = AppIcon;
				ASSETCATALOG_COMPILER_GLOBAL_ACCENT_COLOR_NAME = AccentColor;
				CODE_SIGN_STYLE = Automatic;
				CURRENT_PROJECT_VERSION = 1;
				DEVELOPMENT_ASSET_PATHS = "\"SportTechTerricon/Preview Content\"";
				DEVELOPMENT_TEAM = 4WBQDB82UY;
				ENABLE_PREVIEWS = YES;
				GENERATE_INFOPLIST_FILE = YES;
				INFOPLIST_FILE = SportTechTerricon/Info.plist;
				INFOPLIST_KEY_UIApplicationSceneManifest_Generation = YES;
				INFOPLIST_KEY_UIApplicationSupportsIndirectInputEvents = YES;
				INFOPLIST_KEY_UILaunchScreen_Generation = YES;
				INFOPLIST_KEY_UISupportedInterfaceOrientations_iPad = "UIInterfaceOrientationPortrait UIInterfaceOrientationPortraitUpsideDown UIInterfaceOrientationLandscapeLeft UIInterfaceOrientationLandscapeRight";
				INFOPLIST_KEY_UISupportedInterfaceOrientations_iPhone = "UIInterfaceOrientationPortrait UIInterfaceOrientationLandscapeLeft UIInterfaceOrientationLandscapeRight";
				IPHONEOS_DEPLOYMENT_TARGET = 15.6;
				LD_RUNPATH_SEARCH_PATHS = (
					"$(inherited)",
					"@executable_path/Frameworks",
				);
				MARKETING_VERSION = 1.0;
				PRODUCT_BUNDLE_IDENTIFIER = Ersultan.SportTechTerricon;
				PRODUCT_NAME = "$(TARGET_NAME)";
				SWIFT_EMIT_LOC_STRINGS = YES;
				SWIFT_VERSION = 5.0;
				TARGETED_DEVICE_FAMILY = "1,2";
			};
			name = Debug;
		};
		5B7DE3AC2A4327EE00324F07 /* Release */ = {
			isa = XCBuildConfiguration;
			buildSettings = {
				ASSETCATALOG_COMPILER_APPICON_NAME = AppIcon;
				ASSETCATALOG_COMPILER_GLOBAL_ACCENT_COLOR_NAME = AccentColor;
				CODE_SIGN_STYLE = Automatic;
				CURRENT_PROJECT_VERSION = 1;
				DEVELOPMENT_ASSET_PATHS = "\"SportTechTerricon/Preview Content\"";
				DEVELOPMENT_TEAM = 4WBQDB82UY;
				ENABLE_PREVIEWS = YES;
				GENERATE_INFOPLIST_FILE = YES;
				INFOPLIST_FILE = SportTechTerricon/Info.plist;
				INFOPLIST_KEY_UIApplicationSceneManifest_Generation = YES;
				INFOPLIST_KEY_UIApplicationSupportsIndirectInputEvents = YES;
				INFOPLIST_KEY_UILaunchScreen_Generation = YES;
				INFOPLIST_KEY_UISupportedInterfaceOrientations_iPad = "UIInterfaceOrientationPortrait UIInterfaceOrientationPortraitUpsideDown UIInterfaceOrientationLandscapeLeft UIInterfaceOrientationLandscapeRight";
				INFOPLIST_KEY_UISupportedInterfaceOrientations_iPhone = "UIInterfaceOrientationPortrait UIInterfaceOrientationLandscapeLeft UIInterfaceOrientationLandscapeRight";
				IPHONEOS_DEPLOYMENT_TARGET = 15.6;
				LD_RUNPATH_SEARCH_PATHS = (
					"$(inherited)",
					"@executable_path/Frameworks",
				);
				MARKETING_VERSION = 1.0;
				PRODUCT_BUNDLE_IDENTIFIER = Ersultan.SportTechTerricon;
				PRODUCT_NAME = "$(TARGET_NAME)";
				SWIFT_EMIT_LOC_STRINGS = YES;
				SWIFT_VERSION = 5.0;
				TARGETED_DEVICE_FAMILY = "1,2";
			};
			name = Release;
		};
/* End XCBuildConfiguration section */

/* Begin XCConfigurationList section */
		5B7DE3972A4327E400324F07 /* Build configuration list for PBXProject "SportTechTerricon" */ = {
			isa = XCConfigurationList;
			buildConfigurations = (
				5B7DE3A82A4327EE00324F07 /* Debug */,
				5B7DE3A92A4327EE00324F07 /* Release */,
			);
			defaultConfigurationIsVisible = 0;
			defaultConfigurationName = Release;
		};
		5B7DE3AA2A4327EE00324F07 /* Build configuration list for PBXNativeTarget "SportTechTerricon" */ = {
			isa = XCConfigurationList;
			buildConfigurations = (
				5B7DE3AB2A4327EE00324F07 /* Debug */,
				5B7DE3AC2A4327EE00324F07 /* Release */,
			);
			defaultConfigurationIsVisible = 0;
			defaultConfigurationName = Release;
		};
/* End XCConfigurationList section */
	};
	rootObject = 5B7DE3942A4327E400324F07 /* Project object */;
}
